
Microsoft Visual Studio Solution File, Format Version 12.00
# Visual Studio Version 17
VisualStudioVersion = 17.4.33122.133
MinimumVisualStudioVersion = 10.0.40219.1
Project("{FAE04EC0-301F-11D3-BF4B-00C04F79EFBC}") = "PromptResponseGenerator", "PromptResponseGenerator.csproj", "{15C70F60-624C-400D-84D2-E7F8BEF313EE}"
EndProject
Global
	GlobalSection(SolutionConfigurationPlatforms) = preSolution
		Debug|Any CPU = Debug|Any CPU
		Release|Any CPU = Release|Any CPU
	EndGlobalSection
	GlobalSection(ProjectConfigurationPlatforms) = postSolution
		{15C70F60-624C-400D-84D2-E7F8BEF313EE}.Debug|Any CPU.ActiveCfg = Debug|Any CPU
		{15C70F60-624C-400D-84D2-E7F8BEF313EE}.Debug|Any CPU.Build.0 = Debug|Any CPU
		{15C70F60-624C-400D-84D2-E7F8BEF313EE}.Release|Any CPU.ActiveCfg = Release|Any CPU
		{15C70F60-624C-400D-84D2-E7F8BEF313EE}.Release|Any CPU.Build.0 = Release|Any CPU
	EndGlobalSection
	GlobalSection(SolutionProperties) = preSolution
		HideSolutionNode = FALSE
	EndGlobalSection
	GlobalSection(ExtensibilityGlobals) = postSolution
		SolutionGuid = {45954D43-FF7D-46A6-B610-593209DD3240}
	EndGlobalSection
EndGlobal
